
Microsoft Visual Studio Solution File, Format Version 12.00
# Visual Studio Version 17
VisualStudioVersion = 17.6.33829.357
MinimumVisualStudioVersion = 10.0.40219.1
Project("{9A19103F-16F7-4668-BE54-9A1E7A4F7556}") = "decorArqui", "decorArqui\decorArqui.csproj", "{5FB49AC6-0D7B-4BFD-B447-1818BE42A424}"
EndProject
Global
	GlobalSection(SolutionConfigurationPlatforms) = preSolution
		Debug|Any CPU = Debug|Any CPU
		Release|Any CPU = Release|Any CPU
	EndGlobalSection
	GlobalSection(ProjectConfigurationPlatforms) = postSolution
		{5FB49AC6-0D7B-4BFD-B447-1818BE42A424}.Debug|Any CPU.ActiveCfg = Debug|Any CPU
		{5FB49AC6-0D7B-4BFD-B447-1818BE42A424}.Debug|Any CPU.Build.0 = Debug|Any CPU
		{5FB49AC6-0D7B-4BFD-B447-1818BE42A424}.Release|Any CPU.ActiveCfg = Release|Any CPU
		{5FB49AC6-0D7B-4BFD-B447-1818BE42A424}.Release|Any CPU.Build.0 = Release|Any CPU
	EndGlobalSection
	GlobalSection(SolutionProperties) = preSolution
		HideSolutionNode = FALSE
	EndGlobalSection
	GlobalSection(ExtensibilityGlobals) = postSolution
		SolutionGuid = {B0485109-275D-4EB4-A9FD-A8FC0BE6F694}
	EndGlobalSection
EndGlobal
